<Solution>
  <Configurations>
    <BuildType Name="Clarity" />
    <BuildType Name="Millionware" />
    <BuildType Name="Onetap Legacy" />
    <BuildType Name="Pandora Desync" />
    <BuildType Name="Pandora Legacy" />
    <Platform Name="x64" />
  </Configurations>
  <Project Path="SteamModuleFix/SteamModuleFix.vcxproj" Id="994792f4-6ec3-44e8-9c1a-94f185ce429d" />
</Solution>
